// !$*UTF8*$!
{
	archiveVersion = 1;
	classes = {
	};
	objectVersion = 46;
	objects = {

/* Begin PBXBuildFile section */
		3192B5B01A48697A00F25F2C /* AppDelegate.swift in Sources */ = {isa = PBXBuildFile; fileRef = 3192B5AF1A48697A00F25F2C /* AppDelegate.swift */; };
		3192B5B31A48697A00F25F2C /* Embriago.xcdatamodeld in Sources */ = {isa = PBXBuildFile; fileRef = 3192B5B11A48697A00F25F2C /* Embriago.xcdatamodeld */; };
		3192B5B51A48697A00F25F2C /* ViewController.swift in Sources */ = {isa = PBXBuildFile; fileRef = 3192B5B41A48697A00F25F2C /* ViewController.swift */; };
		3192B5B81A48697A00F25F2C /* Main.storyboard in Resources */ = {isa = PBXBuildFile; fileRef = 3192B5B61A48697A00F25F2C /* Main.storyboard */; };
		3192B5BA1A48697A00F25F2C /* Images.xcassets in Resources */ = {isa = PBXBuildFile; fileRef = 3192B5B91A48697A00F25F2C /* Images.xcassets */; };
		3192B5BD1A48697A00F25F2C /* LaunchScreen.xib in Resources */ = {isa = PBXBuildFile; fileRef = 3192B5BB1A48697A00F25F2C /* LaunchScreen.xib */; };
		3192B5C91A48697A00F25F2C /* EmbriagoTests.swift in Sources */ = {isa = PBXBuildFile; fileRef = 3192B5C81A48697A00F25F2C /* EmbriagoTests.swift */; };
		31BC4A1B1A48E6E90090092B /* LoginViewController.swift in Sources */ = {isa = PBXBuildFile; fileRef = 31BC4A1A1A48E6E90090092B /* LoginViewController.swift */; };
		31BC4A1D1A48EC110090092B /* RegisterUserViewModel.swift in Sources */ = {isa = PBXBuildFile; fileRef = 31BC4A1C1A48EC110090092B /* RegisterUserViewModel.swift */; };
		31BC4A1F1A48EC2C0090092B /* LoginUserViewModel.swift in Sources */ = {isa = PBXBuildFile; fileRef = 31BC4A1E1A48EC2C0090092B /* LoginUserViewModel.swift */; };
		31BC4A211A48ECA20090092B /* BaseViewModel.swift in Sources */ = {isa = PBXBuildFile; fileRef = 31BC4A201A48ECA20090092B /* BaseViewModel.swift */; };
		31BC4B241A49C31E0090092B /* RACSignal+Extensions.swift in Sources */ = {isa = PBXBuildFile; fileRef = 31BC4B211A49C31E0090092B /* RACSignal+Extensions.swift */; };
		31BC4B251A49C31E0090092B /* RAC.swift in Sources */ = {isa = PBXBuildFile; fileRef = 31BC4B221A49C31E0090092B /* RAC.swift */; };
		31BC4B261A49C31E0090092B /* RACObserve.swift in Sources */ = {isa = PBXBuildFile; fileRef = 31BC4B231A49C31E0090092B /* RACObserve.swift */; };
		31BC4B741A4A1A640090092B /* HomeViewController.swift in Sources */ = {isa = PBXBuildFile; fileRef = 31BC4B731A4A1A640090092B /* HomeViewController.swift */; };
		31BC4B761A4AF1870090092B /* EmbriagoLoginViewController.swift in Sources */ = {isa = PBXBuildFile; fileRef = 31BC4B751A4AF1870090092B /* EmbriagoLoginViewController.swift */; };
		31BC4B781A4AF1B10090092B /* EmbriagoSignUpViewController.swift in Sources */ = {isa = PBXBuildFile; fileRef = 31BC4B771A4AF1B10090092B /* EmbriagoSignUpViewController.swift */; };
		31BC4B7A1A4AF4AD0090092B /* MainViewController.swift in Sources */ = {isa = PBXBuildFile; fileRef = 31BC4B791A4AF4AD0090092B /* MainViewController.swift */; };
		31BC4B801A4B117F0090092B /* FBLogin.png in Resources */ = {isa = PBXBuildFile; fileRef = 31BC4B7C1A4B117F0090092B /* FBLogin.png */; };
		31BC4B811A4B117F0090092B /* FBLogin@2x.png in Resources */ = {isa = PBXBuildFile; fileRef = 31BC4B7D1A4B117F0090092B /* FBLogin@2x.png */; };
		31BC4B821A4B117F0090092B /* FBShare.png in Resources */ = {isa = PBXBuildFile; fileRef = 31BC4B7E1A4B117F0090092B /* FBShare.png */; };
		31BC4B831A4B117F0090092B /* FBShare@2x.png in Resources */ = {isa = PBXBuildFile; fileRef = 31BC4B7F1A4B117F0090092B /* FBShare@2x.png */; };
		79EE5784F172A1AA63D275BB /* libPods-Embriago.a in Frameworks */ = {isa = PBXBuildFile; fileRef = AB6DBE0B98643657635B3709 /* libPods-Embriago.a */; };
		F1E88A98DEE39DCC2C69CEE9 /* libPods-EmbriagoTests.a in Frameworks */ = {isa = PBXBuildFile; fileRef = 110F1A7BBD1EE218BB79C48E /* libPods-EmbriagoTests.a */; };
/* End PBXBuildFile section */

/* Begin PBXContainerItemProxy section */
		3192B5C31A48697A00F25F2C /* PBXContainerItemProxy */ = {
			isa = PBXContainerItemProxy;
			containerPortal = 3192B5A21A48697A00F25F2C /* Project object */;
			proxyType = 1;
			remoteGlobalIDString = 3192B5A91A48697A00F25F2C;
			remoteInfo = Embriago;
		};
/* End PBXContainerItemProxy section */

/* Begin PBXFileReference section */
		110F1A7BBD1EE218BB79C48E /* libPods-EmbriagoTests.a */ = {isa = PBXFileReference; explicitFileType = archive.ar; includeInIndex = 0; path = "libPods-EmbriagoTests.a"; sourceTree = BUILT_PRODUCTS_DIR; };
		1E08710C91DF3D00D3E3690E /* Pods-EmbriagoTests.debug.xcconfig */ = {isa = PBXFileReference; includeInIndex = 1; lastKnownFileType = text.xcconfig; name = "Pods-EmbriagoTests.debug.xcconfig"; path = "Pods/Target Support Files/Pods-EmbriagoTests/Pods-EmbriagoTests.debug.xcconfig"; sourceTree = "<group>"; };
		1F5FF91CB088C30DB6140C7E /* Pods-Embriago.debug.xcconfig */ = {isa = PBXFileReference; includeInIndex = 1; lastKnownFileType = text.xcconfig; name = "Pods-Embriago.debug.xcconfig"; path = "Pods/Target Support Files/Pods-Embriago/Pods-Embriago.debug.xcconfig"; sourceTree = "<group>"; };
		3192B5AA1A48697A00F25F2C /* Embriago.app */ = {isa = PBXFileReference; explicitFileType = wrapper.application; includeInIndex = 0; path = Embriago.app; sourceTree = BUILT_PRODUCTS_DIR; };
		3192B5AE1A48697A00F25F2C /* Info.plist */ = {isa = PBXFileReference; lastKnownFileType = text.plist.xml; path = Info.plist; sourceTree = "<group>"; };
		3192B5AF1A48697A00F25F2C /* AppDelegate.swift */ = {isa = PBXFileReference; lastKnownFileType = sourcecode.swift; path = AppDelegate.swift; sourceTree = "<group>"; };
		3192B5B21A48697A00F25F2C /* Embriago.xcdatamodel */ = {isa = PBXFileReference; lastKnownFileType = wrapper.xcdatamodel; path = Embriago.xcdatamodel; sourceTree = "<group>"; };
		3192B5B41A48697A00F25F2C /* ViewController.swift */ = {isa = PBXFileReference; lastKnownFileType = sourcecode.swift; path = ViewController.swift; sourceTree = "<group>"; };
		3192B5B71A48697A00F25F2C /* Base */ = {isa = PBXFileReference; lastKnownFileType = file.storyboard; name = Base; path = Base.lproj/Main.storyboard; sourceTree = "<group>"; };
		3192B5B91A48697A00F25F2C /* Images.xcassets */ = {isa = PBXFileReference; lastKnownFileType = folder.assetcatalog; path = Images.xcassets; sourceTree = "<group>"; };
		3192B5BC1A48697A00F25F2C /* Base */ = {isa = PBXFileReference; lastKnownFileType = file.xib; name = Base; path = Base.lproj/LaunchScreen.xib; sourceTree = "<group>"; };
		3192B5C21A48697A00F25F2C /* EmbriagoTests.xctest */ = {isa = PBXFileReference; explicitFileType = wrapper.cfbundle; includeInIndex = 0; path = EmbriagoTests.xctest; sourceTree = BUILT_PRODUCTS_DIR; };
		3192B5C71A48697A00F25F2C /* Info.plist */ = {isa = PBXFileReference; lastKnownFileType = text.plist.xml; path = Info.plist; sourceTree = "<group>"; };
		3192B5C81A48697A00F25F2C /* EmbriagoTests.swift */ = {isa = PBXFileReference; lastKnownFileType = sourcecode.swift; path = EmbriagoTests.swift; sourceTree = "<group>"; };
		31BC4A131A4895950090092B /* Embriago-Bridging-Header.h */ = {isa = PBXFileReference; lastKnownFileType = sourcecode.c.h; path = "Embriago-Bridging-Header.h"; sourceTree = "<group>"; };
		31BC4A161A489F960090092B /* AudioToolbox.framework */ = {isa = PBXFileReference; lastKnownFileType = wrapper.framework; name = AudioToolbox.framework; path = System/Library/Frameworks/AudioToolbox.framework; sourceTree = SDKROOT; };
		31BC4A181A489F9E0090092B /* CFNetwork.framework */ = {isa = PBXFileReference; lastKnownFileType = wrapper.framework; name = CFNetwork.framework; path = System/Library/Frameworks/CFNetwork.framework; sourceTree = SDKROOT; };
		31BC4A1A1A48E6E90090092B /* LoginViewController.swift */ = {isa = PBXFileReference; fileEncoding = 4; lastKnownFileType = sourcecode.swift; path = LoginViewController.swift; sourceTree = "<group>"; };
		31BC4A1C1A48EC110090092B /* RegisterUserViewModel.swift */ = {isa = PBXFileReference; fileEncoding = 4; lastKnownFileType = sourcecode.swift; path = RegisterUserViewModel.swift; sourceTree = "<group>"; };
		31BC4A1E1A48EC2C0090092B /* LoginUserViewModel.swift */ = {isa = PBXFileReference; fileEncoding = 4; lastKnownFileType = sourcecode.swift; path = LoginUserViewModel.swift; sourceTree = "<group>"; };
		31BC4A201A48ECA20090092B /* BaseViewModel.swift */ = {isa = PBXFileReference; fileEncoding = 4; lastKnownFileType = sourcecode.swift; path = BaseViewModel.swift; sourceTree = "<group>"; };
		31BC4B211A49C31E0090092B /* RACSignal+Extensions.swift */ = {isa = PBXFileReference; fileEncoding = 4; lastKnownFileType = sourcecode.swift; path = "RACSignal+Extensions.swift"; sourceTree = "<group>"; };
		31BC4B221A49C31E0090092B /* RAC.swift */ = {isa = PBXFileReference; fileEncoding = 4; lastKnownFileType = sourcecode.swift; path = RAC.swift; sourceTree = "<group>"; };
		31BC4B231A49C31E0090092B /* RACObserve.swift */ = {isa = PBXFileReference; fileEncoding = 4; lastKnownFileType = sourcecode.swift; path = RACObserve.swift; sourceTree = "<group>"; };
		31BC4B731A4A1A640090092B /* HomeViewController.swift */ = {isa = PBXFileReference; fileEncoding = 4; lastKnownFileType = sourcecode.swift; path = HomeViewController.swift; sourceTree = "<group>"; };
		31BC4B751A4AF1870090092B /* EmbriagoLoginViewController.swift */ = {isa = PBXFileReference; fileEncoding = 4; lastKnownFileType = sourcecode.swift; path = EmbriagoLoginViewController.swift; sourceTree = "<group>"; };
		31BC4B771A4AF1B10090092B /* EmbriagoSignUpViewController.swift */ = {isa = PBXFileReference; fileEncoding = 4; lastKnownFileType = sourcecode.swift; path = EmbriagoSignUpViewController.swift; sourceTree = "<group>"; };
		31BC4B791A4AF4AD0090092B /* MainViewController.swift */ = {isa = PBXFileReference; fileEncoding = 4; lastKnownFileType = sourcecode.swift; path = MainViewController.swift; sourceTree = "<group>"; };
		31BC4B7C1A4B117F0090092B /* FBLogin.png */ = {isa = PBXFileReference; lastKnownFileType = image.png; path = FBLogin.png; sourceTree = "<group>"; };
		31BC4B7D1A4B117F0090092B /* FBLogin@2x.png */ = {isa = PBXFileReference; lastKnownFileType = image.png; path = "FBLogin@2x.png"; sourceTree = "<group>"; };
		31BC4B7E1A4B117F0090092B /* FBShare.png */ = {isa = PBXFileReference; lastKnownFileType = image.png; path = FBShare.png; sourceTree = "<group>"; };
		31BC4B7F1A4B117F0090092B /* FBShare@2x.png */ = {isa = PBXFileReference; lastKnownFileType = image.png; path = "FBShare@2x.png"; sourceTree = "<group>"; };
		4983FB98B7D07DF816BC8404 /* Pods-EmbriagoTests.release.xcconfig */ = {isa = PBXFileReference; includeInIndex = 1; lastKnownFileType = text.xcconfig; name = "Pods-EmbriagoTests.release.xcconfig"; path = "Pods/Target Support Files/Pods-EmbriagoTests/Pods-EmbriagoTests.release.xcconfig"; sourceTree = "<group>"; };
		8032323CFCC7244ACE85159B /* Pods-Embriago.release.xcconfig */ = {isa = PBXFileReference; includeInIndex = 1; lastKnownFileType = text.xcconfig; name = "Pods-Embriago.release.xcconfig"; path = "Pods/Target Support Files/Pods-Embriago/Pods-Embriago.release.xcconfig"; sourceTree = "<group>"; };
		AB6DBE0B98643657635B3709 /* libPods-Embriago.a */ = {isa = PBXFileReference; explicitFileType = archive.ar; includeInIndex = 0; path = "libPods-Embriago.a"; sourceTree = BUILT_PRODUCTS_DIR; };
/* End PBXFileReference section */

/* Begin PBXFrameworksBuildPhase section */
		3192B5A71A48697A00F25F2C /* Frameworks */ = {
			isa = PBXFrameworksBuildPhase;
			buildActionMask = 2147483647;
			files = (
				79EE5784F172A1AA63D275BB /* libPods-Embriago.a in Frameworks */,
			);
			runOnlyForDeploymentPostprocessing = 0;
		};
		3192B5BF1A48697A00F25F2C /* Frameworks */ = {
			isa = PBXFrameworksBuildPhase;
			buildActionMask = 2147483647;
			files = (
				F1E88A98DEE39DCC2C69CEE9 /* libPods-EmbriagoTests.a in Frameworks */,
			);
			runOnlyForDeploymentPostprocessing = 0;
		};
/* End PBXFrameworksBuildPhase section */

/* Begin PBXGroup section */
		3192B5A11A48697A00F25F2C = {
			isa = PBXGroup;
			children = (
				3192B5AC1A48697A00F25F2C /* Embriago */,
				3192B5C51A48697A00F25F2C /* EmbriagoTests */,
				3192B5AB1A48697A00F25F2C /* Products */,
				63905D6635811EC3A9E3C17A /* Pods */,
				6DEB1BFAB5FFC0FC8594C83C /* Frameworks */,
			);
			sourceTree = "<group>";
		};
		3192B5AB1A48697A00F25F2C /* Products */ = {
			isa = PBXGroup;
			children = (
				3192B5AA1A48697A00F25F2C /* Embriago.app */,
				3192B5C21A48697A00F25F2C /* EmbriagoTests.xctest */,
			);
			name = Products;
			sourceTree = "<group>";
		};
		3192B5AC1A48697A00F25F2C /* Embriago */ = {
			isa = PBXGroup;
			children = (
				31BC4B7B1A4B11650090092B /* Resources */,
				31BC4B271A49C35E0090092B /* views */,
				3192B5AF1A48697A00F25F2C /* AppDelegate.swift */,
				3192B5B61A48697A00F25F2C /* Main.storyboard */,
				3192B5B91A48697A00F25F2C /* Images.xcassets */,
				3192B5BB1A48697A00F25F2C /* LaunchScreen.xib */,
				3192B5B11A48697A00F25F2C /* Embriago.xcdatamodeld */,
				3192B5AD1A48697A00F25F2C /* Supporting Files */,
				31BC4A131A4895950090092B /* Embriago-Bridging-Header.h */,
				31BC4A1C1A48EC110090092B /* RegisterUserViewModel.swift */,
				31BC4A1E1A48EC2C0090092B /* LoginUserViewModel.swift */,
				31BC4A201A48ECA20090092B /* BaseViewModel.swift */,
				31BC4B201A49C3060090092B /* utils */,
			);
			path = Embriago;
			sourceTree = "<group>";
		};
		3192B5AD1A48697A00F25F2C /* Supporting Files */ = {
			isa = PBXGroup;
			children = (
				3192B5AE1A48697A00F25F2C /* Info.plist */,
			);
			name = "Supporting Files";
			sourceTree = "<group>";
		};
		3192B5C51A48697A00F25F2C /* EmbriagoTests */ = {
			isa = PBXGroup;
			children = (
				3192B5C81A48697A00F25F2C /* EmbriagoTests.swift */,
				3192B5C61A48697A00F25F2C /* Supporting Files */,
			);
			path = EmbriagoTests;
			sourceTree = "<group>";
		};
		3192B5C61A48697A00F25F2C /* Supporting Files */ = {
			isa = PBXGroup;
			children = (
				3192B5C71A48697A00F25F2C /* Info.plist */,
			);
			name = "Supporting Files";
			sourceTree = "<group>";
		};
		31BC4B201A49C3060090092B /* utils */ = {
			isa = PBXGroup;
			children = (
				31BC4B211A49C31E0090092B /* RACSignal+Extensions.swift */,
				31BC4B221A49C31E0090092B /* RAC.swift */,
				31BC4B231A49C31E0090092B /* RACObserve.swift */,
			);
			name = utils;
			sourceTree = "<group>";
		};
		31BC4B271A49C35E0090092B /* views */ = {
			isa = PBXGroup;
			children = (
				3192B5B41A48697A00F25F2C /* ViewController.swift */,
				31BC4A1A1A48E6E90090092B /* LoginViewController.swift */,
				31BC4B731A4A1A640090092B /* HomeViewController.swift */,
				31BC4B751A4AF1870090092B /* EmbriagoLoginViewController.swift */,
				31BC4B771A4AF1B10090092B /* EmbriagoSignUpViewController.swift */,
				31BC4B791A4AF4AD0090092B /* MainViewController.swift */,
			);
			name = views;
			sourceTree = "<group>";
		};
		31BC4B7B1A4B11650090092B /* Resources */ = {
			isa = PBXGroup;
			children = (
				31BC4B7C1A4B117F0090092B /* FBLogin.png */,
				31BC4B7D1A4B117F0090092B /* FBLogin@2x.png */,
				31BC4B7E1A4B117F0090092B /* FBShare.png */,
				31BC4B7F1A4B117F0090092B /* FBShare@2x.png */,
			);
			name = Resources;
			sourceTree = "<group>";
		};
		63905D6635811EC3A9E3C17A /* Pods */ = {
			isa = PBXGroup;
			children = (
				1F5FF91CB088C30DB6140C7E /* Pods-Embriago.debug.xcconfig */,
				8032323CFCC7244ACE85159B /* Pods-Embriago.release.xcconfig */,
				1E08710C91DF3D00D3E3690E /* Pods-EmbriagoTests.debug.xcconfig */,
				4983FB98B7D07DF816BC8404 /* Pods-EmbriagoTests.release.xcconfig */,
			);
			name = Pods;
			sourceTree = "<group>";
		};
		6DEB1BFAB5FFC0FC8594C83C /* Frameworks */ = {
			isa = PBXGroup;
			children = (
				31BC4A181A489F9E0090092B /* CFNetwork.framework */,
				31BC4A161A489F960090092B /* AudioToolbox.framework */,
				AB6DBE0B98643657635B3709 /* libPods-Embriago.a */,
				110F1A7BBD1EE218BB79C48E /* libPods-EmbriagoTests.a */,
			);
			name = Frameworks;
			sourceTree = "<group>";
		};
/* End PBXGroup section */

/* Begin PBXNativeTarget section */
		3192B5A91A48697A00F25F2C /* Embriago */ = {
			isa = PBXNativeTarget;
			buildConfigurationList = 3192B5CC1A48697A00F25F2C /* Build configuration list for PBXNativeTarget "Embriago" */;
			buildPhases = (
				C7807758DB71AC79443A2540 /* Check Pods Manifest.lock */,
				3192B5A61A48697A00F25F2C /* Sources */,
				3192B5A71A48697A00F25F2C /* Frameworks */,
				3192B5A81A48697A00F25F2C /* Resources */,
				15632D8B571D04A32F014F6B /* Copy Pods Resources */,
			);
			buildRules = (
			);
			dependencies = (
			);
			name = Embriago;
			productName = Embriago;
			productReference = 3192B5AA1A48697A00F25F2C /* Embriago.app */;
			productType = "com.apple.product-type.application";
		};
		3192B5C11A48697A00F25F2C /* EmbriagoTests */ = {
			isa = PBXNativeTarget;
			buildConfigurationList = 3192B5CF1A48697A00F25F2C /* Build configuration list for PBXNativeTarget "EmbriagoTests" */;
			buildPhases = (
				954489988A06E2B065CDA173 /* Check Pods Manifest.lock */,
				3192B5BE1A48697A00F25F2C /* Sources */,
				3192B5BF1A48697A00F25F2C /* Frameworks */,
				3192B5C01A48697A00F25F2C /* Resources */,
				82F8442B2DA9A5F44FCC0DA7 /* Copy Pods Resources */,
			);
			buildRules = (
			);
			dependencies = (
				3192B5C41A48697A00F25F2C /* PBXTargetDependency */,
			);
			name = EmbriagoTests;
			productName = EmbriagoTests;
			productReference = 3192B5C21A48697A00F25F2C /* EmbriagoTests.xctest */;
			productType = "com.apple.product-type.bundle.unit-test";
		};
/* End PBXNativeTarget section */

/* Begin PBXProject section */
		3192B5A21A48697A00F25F2C /* Project object */ = {
			isa = PBXProject;
			attributes = {
				LastUpgradeCheck = 0620;
				ORGANIZATIONNAME = "AOTO Systems, Inc.";
				TargetAttributes = {
					3192B5A91A48697A00F25F2C = {
						CreatedOnToolsVersion = 6.2;
					};
					3192B5C11A48697A00F25F2C = {
						CreatedOnToolsVersion = 6.2;
						TestTargetID = 3192B5A91A48697A00F25F2C;
					};
				};
			};
			buildConfigurationList = 3192B5A51A48697A00F25F2C /* Build configuration list for PBXProject "Embriago" */;
			compatibilityVersion = "Xcode 3.2";
			developmentRegion = English;
			hasScannedForEncodings = 0;
			knownRegions = (
				en,
				Base,
			);
			mainGroup = 3192B5A11A48697A00F25F2C;
			productRefGroup = 3192B5AB1A48697A00F25F2C /* Products */;
			projectDirPath = "";
			projectRoot = "";
			targets = (
				3192B5A91A48697A00F25F2C /* Embriago */,
				3192B5C11A48697A00F25F2C /* EmbriagoTests */,
			);
		};
/* End PBXProject section */

/* Begin PBXResourcesBuildPhase section */
		3192B5A81A48697A00F25F2C /* Resources */ = {
			isa = PBXResourcesBuildPhase;
			buildActionMask = 2147483647;
			files = (
				31BC4B831A4B117F0090092B /* FBShare@2x.png in Resources */,
				31BC4B811A4B117F0090092B /* FBLogin@2x.png in Resources */,
				3192B5B81A48697A00F25F2C /* Main.storyboard in Resources */,
				3192B5BD1A48697A00F25F2C /* LaunchScreen.xib in Resources */,
				3192B5BA1A48697A00F25F2C /* Images.xcassets in Resources */,
				31BC4B801A4B117F0090092B /* FBLogin.png in Resources */,
				31BC4B821A4B117F0090092B /* FBShare.png in Resources */,
			);
			runOnlyForDeploymentPostprocessing = 0;
		};
		3192B5C01A48697A00F25F2C /* Resources */ = {
			isa = PBXResourcesBuildPhase;
			buildActionMask = 2147483647;
			files = (
			);
			runOnlyForDeploymentPostprocessing = 0;
		};
/* End PBXResourcesBuildPhase section */

/* Begin PBXShellScriptBuildPhase section */
		15632D8B571D04A32F014F6B /* Copy Pods Resources */ = {
			isa = PBXShellScriptBuildPhase;
			buildActionMask = 2147483647;
			files = (
			);
			inputPaths = (
			);
			name = "Copy Pods Resources";
			outputPaths = (
			);
			runOnlyForDeploymentPostprocessing = 0;
			shellPath = /bin/sh;
			shellScript = "\"${SRCROOT}/Pods/Target Support Files/Pods-Embriago/Pods-Embriago-resources.sh\"\n";
			showEnvVarsInLog = 0;
		};
		82F8442B2DA9A5F44FCC0DA7 /* Copy Pods Resources */ = {
			isa = PBXShellScriptBuildPhase;
			buildActionMask = 2147483647;
			files = (
			);
			inputPaths = (
			);
			name = "Copy Pods Resources";
			outputPaths = (
			);
			runOnlyForDeploymentPostprocessing = 0;
			shellPath = /bin/sh;
			shellScript = "\"${SRCROOT}/Pods/Target Support Files/Pods-EmbriagoTests/Pods-EmbriagoTests-resources.sh\"\n";
			showEnvVarsInLog = 0;
		};
		954489988A06E2B065CDA173 /* Check Pods Manifest.lock */ = {
			isa = PBXShellScriptBuildPhase;
			buildActionMask = 2147483647;
			files = (
			);
			inputPaths = (
			);
			name = "Check Pods Manifest.lock";
			outputPaths = (
			);
			runOnlyForDeploymentPostprocessing = 0;
			shellPath = /bin/sh;
			shellScript = "diff \"${PODS_ROOT}/../Podfile.lock\" \"${PODS_ROOT}/Manifest.lock\" > /dev/null\nif [[ $? != 0 ]] ; then\n    cat << EOM\nerror: The sandbox is not in sync with the Podfile.lock. Run 'pod install' or update your CocoaPods installation.\nEOM\n    exit 1\nfi\n";
			showEnvVarsInLog = 0;
		};
		C7807758DB71AC79443A2540 /* Check Pods Manifest.lock */ = {
			isa = PBXShellScriptBuildPhase;
			buildActionMask = 2147483647;
			files = (
			);
			inputPaths = (
			);
			name = "Check Pods Manifest.lock";
			outputPaths = (
			);
			runOnlyForDeploymentPostprocessing = 0;
			shellPath = /bin/sh;
			shellScript = "diff \"${PODS_ROOT}/../Podfile.lock\" \"${PODS_ROOT}/Manifest.lock\" > /dev/null\nif [[ $? != 0 ]] ; then\n    cat << EOM\nerror: The sandbox is not in sync with the Podfile.lock. Run 'pod install' or update your CocoaPods installation.\nEOM\n    exit 1\nfi\n";
			showEnvVarsInLog = 0;
		};
/* End PBXShellScriptBuildPhase section */

/* Begin PBXSourcesBuildPhase section */
		3192B5A61A48697A00F25F2C /* Sources */ = {
			isa = PBXSourcesBuildPhase;
			buildActionMask = 2147483647;
			files = (
				31BC4A1D1A48EC110090092B /* RegisterUserViewModel.swift in Sources */,
				31BC4A1F1A48EC2C0090092B /* LoginUserViewModel.swift in Sources */,
				31BC4B781A4AF1B10090092B /* EmbriagoSignUpViewController.swift in Sources */,
				31BC4B761A4AF1870090092B /* EmbriagoLoginViewController.swift in Sources */,
				31BC4A1B1A48E6E90090092B /* LoginViewController.swift in Sources */,
				31BC4A211A48ECA20090092B /* BaseViewModel.swift in Sources */,
				31BC4B241A49C31E0090092B /* RACSignal+Extensions.swift in Sources */,
				31BC4B7A1A4AF4AD0090092B /* MainViewController.swift in Sources */,
				31BC4B261A49C31E0090092B /* RACObserve.swift in Sources */,
				3192B5B51A48697A00F25F2C /* ViewController.swift in Sources */,
				31BC4B741A4A1A640090092B /* HomeViewController.swift in Sources */,
				31BC4B251A49C31E0090092B /* RAC.swift in Sources */,
				3192B5B01A48697A00F25F2C /* AppDelegate.swift in Sources */,
				3192B5B31A48697A00F25F2C /* Embriago.xcdatamodeld in Sources */,
			);
			runOnlyForDeploymentPostprocessing = 0;
		};
		3192B5BE1A48697A00F25F2C /* Sources */ = {
			isa = PBXSourcesBuildPhase;
			buildActionMask = 2147483647;
			files = (
				3192B5C91A48697A00F25F2C /* EmbriagoTests.swift in Sources */,
			);
			runOnlyForDeploymentPostprocessing = 0;
		};
/* End PBXSourcesBuildPhase section */

/* Begin PBXTargetDependency section */
		3192B5C41A48697A00F25F2C /* PBXTargetDependency */ = {
			isa = PBXTargetDependency;
			target = 3192B5A91A48697A00F25F2C /* Embriago */;
			targetProxy = 3192B5C31A48697A00F25F2C /* PBXContainerItemProxy */;
		};
/* End PBXTargetDependency section */

/* Begin PBXVariantGroup section */
		3192B5B61A48697A00F25F2C /* Main.storyboard */ = {
			isa = PBXVariantGroup;
			children = (
				3192B5B71A48697A00F25F2C /* Base */,
			);
			name = Main.storyboard;
			sourceTree = "<group>";
		};
		3192B5BB1A48697A00F25F2C /* LaunchScreen.xib */ = {
			isa = PBXVariantGroup;
			children = (
				3192B5BC1A48697A00F25F2C /* Base */,
			);
			name = LaunchScreen.xib;
			sourceTree = "<group>";
		};
/* End PBXVariantGroup section */

/* Begin XCBuildConfiguration section */
		3192B5CA1A48697A00F25F2C /* Debug */ = {
			isa = XCBuildConfiguration;
			buildSettings = {
				ALWAYS_SEARCH_USER_PATHS = NO;
				CLANG_CXX_LANGUAGE_STANDARD = "gnu++0x";
				CLANG_CXX_LIBRARY = "libc++";
				CLANG_ENABLE_MODULES = YES;
				CLANG_ENABLE_OBJC_ARC = YES;
				CLANG_WARN_BOOL_CONVERSION = YES;
				CLANG_WARN_CONSTANT_CONVERSION = YES;
				CLANG_WARN_DIRECT_OBJC_ISA_USAGE = YES_ERROR;
				CLANG_WARN_EMPTY_BODY = YES;
				CLANG_WARN_ENUM_CONVERSION = YES;
				CLANG_WARN_INT_CONVERSION = YES;
				CLANG_WARN_OBJC_ROOT_CLASS = YES_ERROR;
				CLANG_WARN_UNREACHABLE_CODE = YES;
				CLANG_WARN__DUPLICATE_METHOD_MATCH = YES;
				"CODE_SIGN_IDENTITY[sdk=iphoneos*]" = "iPhone Developer";
				COPY_PHASE_STRIP = NO;
				ENABLE_STRICT_OBJC_MSGSEND = YES;
				GCC_C_LANGUAGE_STANDARD = gnu99;
				GCC_DYNAMIC_NO_PIC = NO;
				GCC_OPTIMIZATION_LEVEL = 0;
				GCC_PREPROCESSOR_DEFINITIONS = (
					"DEBUG=1",
					"$(inherited)",
				);
				GCC_SYMBOLS_PRIVATE_EXTERN = NO;
				GCC_WARN_64_TO_32_BIT_CONVERSION = YES;
				GCC_WARN_ABOUT_RETURN_TYPE = YES_ERROR;
				GCC_WARN_UNDECLARED_SELECTOR = YES;
				GCC_WARN_UNINITIALIZED_AUTOS = YES_AGGRESSIVE;
				GCC_WARN_UNUSED_FUNCTION = YES;
				GCC_WARN_UNUSED_VARIABLE = YES;
				IPHONEOS_DEPLOYMENT_TARGET = 8.2;
				MTL_ENABLE_DEBUG_INFO = YES;
				ONLY_ACTIVE_ARCH = YES;
				SDKROOT = iphoneos;
				SWIFT_OPTIMIZATION_LEVEL = "-Onone";
				TARGETED_DEVICE_FAMILY = "1,2";
			};
			name = Debug;
		};
		3192B5CB1A48697A00F25F2C /* Release */ = {
			isa = XCBuildConfiguration;
			buildSettings = {
				ALWAYS_SEARCH_USER_PATHS = NO;
				CLANG_CXX_LANGUAGE_STANDARD = "gnu++0x";
				CLANG_CXX_LIBRARY = "libc++";
				CLANG_ENABLE_MODULES = YES;
				CLANG_ENABLE_OBJC_ARC = YES;
				CLANG_WARN_BOOL_CONVERSION = YES;
				CLANG_WARN_CONSTANT_CONVERSION = YES;
				CLANG_WARN_DIRECT_OBJC_ISA_USAGE = YES_ERROR;
				CLANG_WARN_EMPTY_BODY = YES;
				CLANG_WARN_ENUM_CONVERSION = YES;
				CLANG_WARN_INT_CONVERSION = YES;
				CLANG_WARN_OBJC_ROOT_CLASS = YES_ERROR;
				CLANG_WARN_UNREACHABLE_CODE = YES;
				CLANG_WARN__DUPLICATE_METHOD_MATCH = YES;
				"CODE_SIGN_IDENTITY[sdk=iphoneos*]" = "iPhone Developer";
				COPY_PHASE_STRIP = NO;
				ENABLE_NS_ASSERTIONS = NO;
				ENABLE_STRICT_OBJC_MSGSEND = YES;
				GCC_C_LANGUAGE_STANDARD = gnu99;
				GCC_WARN_64_TO_32_BIT_CONVERSION = YES;
				GCC_WARN_ABOUT_RETURN_TYPE = YES_ERROR;
				GCC_WARN_UNDECLARED_SELECTOR = YES;
				GCC_WARN_UNINITIALIZED_AUTOS = YES_AGGRESSIVE;
				GCC_WARN_UNUSED_FUNCTION = YES;
				GCC_WARN_UNUSED_VARIABLE = YES;
				IPHONEOS_DEPLOYMENT_TARGET = 8.2;
				MTL_ENABLE_DEBUG_INFO = NO;
				SDKROOT = iphoneos;
				TARGETED_DEVICE_FAMILY = "1,2";
				VALIDATE_PRODUCT = YES;
			};
			name = Release;
		};
		3192B5CD1A48697A00F25F2C /* Debug */ = {
			isa = XCBuildConfiguration;
			baseConfigurationReference = 1F5FF91CB088C30DB6140C7E /* Pods-Embriago.debug.xcconfig */;
			buildSettings = {
				ASSETCATALOG_COMPILER_APPICON_NAME = AppIcon;
				CLANG_ENABLE_MODULES = YES;
				INFOPLIST_FILE = Embriago/Info.plist;
				LD_RUNPATH_SEARCH_PATHS = "$(inherited) @executable_path/Frameworks";
				PRODUCT_NAME = "$(TARGET_NAME)";
				SWIFT_OBJC_BRIDGING_HEADER = "Embriago/Embriago-Bridging-Header.h";
				SWIFT_OPTIMIZATION_LEVEL = "-Onone";
			};
			name = Debug;
		};
		3192B5CE1A48697A00F25F2C /* Release */ = {
			isa = XCBuildConfiguration;
			baseConfigurationReference = 8032323CFCC7244ACE85159B /* Pods-Embriago.release.xcconfig */;
			buildSettings = {
				ASSETCATALOG_COMPILER_APPICON_NAME = AppIcon;
				CLANG_ENABLE_MODULES = YES;
				INFOPLIST_FILE = Embriago/Info.plist;
				LD_RUNPATH_SEARCH_PATHS = "$(inherited) @executable_path/Frameworks";
				PRODUCT_NAME = "$(TARGET_NAME)";
				SWIFT_OBJC_BRIDGING_HEADER = "Embriago/Embriago-Bridging-Header.h";
			};
			name = Release;
		};
		3192B5D01A48697A00F25F2C /* Debug */ = {
			isa = XCBuildConfiguration;
			baseConfigurationReference = 1E08710C91DF3D00D3E3690E /* Pods-EmbriagoTests.debug.xcconfig */;
			buildSettings = {
				BUNDLE_LOADER = "$(TEST_HOST)";
				FRAMEWORK_SEARCH_PATHS = (
					"$(SDKROOT)/Developer/Library/Frameworks",
					"$(inherited)",
				);
				GCC_PREPROCESSOR_DEFINITIONS = (
					"DEBUG=1",
					"$(inherited)",
				);
				INFOPLIST_FILE = EmbriagoTests/Info.plist;
				LD_RUNPATH_SEARCH_PATHS = "$(inherited) @executable_path/Frameworks @loader_path/Frameworks";
				PRODUCT_NAME = "$(TARGET_NAME)";
				TEST_HOST = "$(BUILT_PRODUCTS_DIR)/Embriago.app/Embriago";
			};
			name = Debug;
		};
		3192B5D11A48697A00F25F2C /* Release */ = {
			isa = XCBuildConfiguration;
			baseConfigurationReference = 4983FB98B7D07DF816BC8404 /* Pods-EmbriagoTests.release.xcconfig */;
			buildSettings = {
				BUNDLE_LOADER = "$(TEST_HOST)";
				FRAMEWORK_SEARCH_PATHS = (
					"$(SDKROOT)/Developer/Library/Frameworks",
					"$(inherited)",
				);
				INFOPLIST_FILE = EmbriagoTests/Info.plist;
				LD_RUNPATH_SEARCH_PATHS = "$(inherited) @executable_path/Frameworks @loader_path/Frameworks";
				PRODUCT_NAME = "$(TARGET_NAME)";
				TEST_HOST = "$(BUILT_PRODUCTS_DIR)/Embriago.app/Embriago";
			};
			name = Release;
		};
/* End XCBuildConfiguration section */

/* Begin XCConfigurationList section */
		3192B5A51A48697A00F25F2C /* Build configuration list for PBXProject "Embriago" */ = {
			isa = XCConfigurationList;
			buildConfigurations = (
				3192B5CA1A48697A00F25F2C /* Debug */,
				3192B5CB1A48697A00F25F2C /* Release */,
			);
			defaultConfigurationIsVisible = 0;
			defaultConfigurationName = Release;
		};
		3192B5CC1A48697A00F25F2C /* Build configuration list for PBXNativeTarget "Embriago" */ = {
			isa = XCConfigurationList;
			buildConfigurations = (
				3192B5CD1A48697A00F25F2C /* Debug */,
				3192B5CE1A48697A00F25F2C /* Release */,
			);
			defaultConfigurationIsVisible = 0;
			defaultConfigurationName = Release;
		};
		3192B5CF1A48697A00F25F2C /* Build configuration list for PBXNativeTarget "EmbriagoTests" */ = {
			isa = XCConfigurationList;
			buildConfigurations = (
				3192B5D01A48697A00F25F2C /* Debug */,
				3192B5D11A48697A00F25F2C /* Release */,
			);
			defaultConfigurationIsVisible = 0;
			defaultConfigurationName = Release;
		};
/* End XCConfigurationList section */

/* Begin XCVersionGroup section */
		3192B5B11A48697A00F25F2C /* Embriago.xcdatamodeld */ = {
			isa = XCVersionGroup;
			children = (
				3192B5B21A48697A00F25F2C /* Embriago.xcdatamodel */,
			);
			currentVersion = 3192B5B21A48697A00F25F2C /* Embriago.xcdatamodel */;
			path = Embriago.xcdatamodeld;
			sourceTree = "<group>";
			versionGroupType = wrapper.xcdatamodel;
		};
/* End XCVersionGroup section */
	};
	rootObject = 3192B5A21A48697A00F25F2C /* Project object */;
}
